
Microsoft Visual Studio Solution File, Format Version 12.00
# Visual Studio Version 17
VisualStudioVersion = 17.5.33414.496
MinimumVisualStudioVersion = 10.0.40219.1
Project("{FAE04EC0-301F-11D3-BF4B-00C04F79EFBC}") = "BaiTapLonWeb", "BaiTapLonWeb.csproj", "{C4B5BC83-13AC-4C0F-BA3F-DBE9A74364D9}"
EndProject
Global
	GlobalSection(SolutionConfigurationPlatforms) = preSolution
		Debug|Any CPU = Debug|Any CPU
		Release|Any CPU = Release|Any CPU
	EndGlobalSection
	GlobalSection(ProjectConfigurationPlatforms) = postSolution
		{C4B5BC83-13AC-4C0F-BA3F-DBE9A74364D9}.Debug|Any CPU.ActiveCfg = Debug|Any CPU
		{C4B5BC83-13AC-4C0F-BA3F-DBE9A74364D9}.Debug|Any CPU.Build.0 = Debug|Any CPU
		{C4B5BC83-13AC-4C0F-BA3F-DBE9A74364D9}.Release|Any CPU.ActiveCfg = Release|Any CPU
		{C4B5BC83-13AC-4C0F-BA3F-DBE9A74364D9}.Release|Any CPU.Build.0 = Release|Any CPU
	EndGlobalSection
	GlobalSection(SolutionProperties) = preSolution
		HideSolutionNode = FALSE
	EndGlobalSection
	GlobalSection(ExtensibilityGlobals) = postSolution
		SolutionGuid = {55D8943B-966E-48EA-B3A9-46A85E38DF3D}
	EndGlobalSection
EndGlobal
